
Microsoft Visual Studio Solution File, Format Version 12.00
# Visual Studio Version 17
VisualStudioVersion = 17.14.36301.6 d17.14
MinimumVisualStudioVersion = 10.0.40219.1
Project("{FAE04EC0-301F-11D3-BF4B-00C04F79EFBC}") = "TaskTrackerCLI", "TaskTrackerCLI.csproj", "{57BB3842-568A-42BB-8938-F9A5E520FBDC}"
EndProject
Project("{FAE04EC0-301F-11D3-BF4B-00C04F79EFBC}") = "Test", "..\Test\Test.csproj", "{D7951C70-09C2-41C4-8C47-A008460AC9E6}"
	ProjectSection(ProjectDependencies) = postProject
		{57BB3842-568A-42BB-8938-F9A5E520FBDC} = {57BB3842-568A-42BB-8938-F9A5E520FBDC}
	EndProjectSection
EndProject
Global
	GlobalSection(SolutionConfigurationPlatforms) = preSolution
		Debug|Any CPU = Debug|Any CPU
		Release|Any CPU = Release|Any CPU
	EndGlobalSection
	GlobalSection(ProjectConfigurationPlatforms) = postSolution
		{57BB3842-568A-42BB-8938-F9A5E520FBDC}.Debug|Any CPU.ActiveCfg = Debug|Any CPU
		{57BB3842-568A-42BB-8938-F9A5E520FBDC}.Debug|Any CPU.Build.0 = Debug|Any CPU
		{57BB3842-568A-42BB-8938-F9A5E520FBDC}.Release|Any CPU.ActiveCfg = Release|Any CPU
		{57BB3842-568A-42BB-8938-F9A5E520FBDC}.Release|Any CPU.Build.0 = Release|Any CPU
		{D7951C70-09C2-41C4-8C47-A008460AC9E6}.Debug|Any CPU.ActiveCfg = Debug|Any CPU
		{D7951C70-09C2-41C4-8C47-A008460AC9E6}.Debug|Any CPU.Build.0 = Debug|Any CPU
		{D7951C70-09C2-41C4-8C47-A008460AC9E6}.Release|Any CPU.ActiveCfg = Release|Any CPU
		{D7951C70-09C2-41C4-8C47-A008460AC9E6}.Release|Any CPU.Build.0 = Release|Any CPU
	EndGlobalSection
	GlobalSection(SolutionProperties) = preSolution
		HideSolutionNode = FALSE
	EndGlobalSection
	GlobalSection(ExtensibilityGlobals) = postSolution
		SolutionGuid = {B96F0243-7D6A-4F9F-B404-B027749B2DB6}
	EndGlobalSection
EndGlobal
