
Microsoft Visual Studio Solution File, Format Version 12.00
# Visual Studio Version 17
VisualStudioVersion = 17.14.36301.6 d17.14
MinimumVisualStudioVersion = 10.0.40219.1
Project("{FAE04EC0-301F-11D3-BF4B-00C04F79EFBC}") = "MyExpJsonSerDes", "MyExpJsonSerDes.csproj", "{46817949-5C7E-42C7-B48E-EBE983780876}"
EndProject
Global
	GlobalSection(SolutionConfigurationPlatforms) = preSolution
		Debug|Any CPU = Debug|Any CPU
		Release|Any CPU = Release|Any CPU
	EndGlobalSection
	GlobalSection(ProjectConfigurationPlatforms) = postSolution
		{46817949-5C7E-42C7-B48E-EBE983780876}.Debug|Any CPU.ActiveCfg = Debug|Any CPU
		{46817949-5C7E-42C7-B48E-EBE983780876}.Debug|Any CPU.Build.0 = Debug|Any CPU
		{46817949-5C7E-42C7-B48E-EBE983780876}.Release|Any CPU.ActiveCfg = Release|Any CPU
		{46817949-5C7E-42C7-B48E-EBE983780876}.Release|Any CPU.Build.0 = Release|Any CPU
	EndGlobalSection
	GlobalSection(SolutionProperties) = preSolution
		HideSolutionNode = FALSE
	EndGlobalSection
	GlobalSection(ExtensibilityGlobals) = postSolution
		SolutionGuid = {DB5EF9AC-9CB9-465A-8B2C-01E7CD5031AA}
	EndGlobalSection
EndGlobal
